// !$*UTF8*$!
{
	archiveVersion = 1;
	classes = {
	};
	objectVersion = 50;
	objects = {

/* Begin PBXBuildFile section */
		FBF8F8F6221856D900D7DE3A /* AppDelegate.swift in Sources */ = {isa = PBXBuildFile; fileRef = FBF8F8F5221856D900D7DE3A /* AppDelegate.swift */; };
		FBF8F8F8221856D900D7DE3A /* ViewController.swift in Sources */ = {isa = PBXBuildFile; fileRef = FBF8F8F7221856D900D7DE3A /* ViewController.swift */; };
		FBF8F8FB221856D900D7DE3A /* Main.storyboard in Resources */ = {isa = PBXBuildFile; fileRef = FBF8F8F9221856D900D7DE3A /* Main.storyboard */; };
		FBF8F8FE221856D900D7DE3A /* CoreData_IOS.xcdatamodeld in Sources */ = {isa = PBXBuildFile; fileRef = FBF8F8FC221856D900D7DE3A /* CoreData_IOS.xcdatamodeld */; };
		FBF8F900221856D900D7DE3A /* Assets.xcassets in Resources */ = {isa = PBXBuildFile; fileRef = FBF8F8FF221856D900D7DE3A /* Assets.xcassets */; };
		FBF8F903221856D900D7DE3A /* LaunchScreen.storyboard in Resources */ = {isa = PBXBuildFile; fileRef = FBF8F901221856D900D7DE3A /* LaunchScreen.storyboard */; };
/* End PBXBuildFile section */

/* Begin PBXFileReference section */
		FBF8F8F2221856D900D7DE3A /* CoreData-IOS.app */ = {isa = PBXFileReference; explicitFileType = wrapper.application; includeInIndex = 0; path = "CoreData-IOS.app"; sourceTree = BUILT_PRODUCTS_DIR; };
		FBF8F8F5221856D900D7DE3A /* AppDelegate.swift */ = {isa = PBXFileReference; lastKnownFileType = sourcecode.swift; path = AppDelegate.swift; sourceTree = "<group>"; };
		FBF8F8F7221856D900D7DE3A /* ViewController.swift */ = {isa = PBXFileReference; lastKnownFileType = sourcecode.swift; path = ViewController.swift; sourceTree = "<group>"; };
		FBF8F8FA221856D900D7DE3A /* Base */ = {isa = PBXFileReference; lastKnownFileType = file.storyboard; name = Base; path = Base.lproj/Main.storyboard; sourceTree = "<group>"; };
		FBF8F8FD221856D900D7DE3A /* CoreData_IOS.xcdatamodel */ = {isa = PBXFileReference; lastKnownFileType = wrapper.xcdatamodel; path = CoreData_IOS.xcdatamodel; sourceTree = "<group>"; };
		FBF8F8FF221856D900D7DE3A /* Assets.xcassets */ = {isa = PBXFileReference; lastKnownFileType = folder.assetcatalog; path = Assets.xcassets; sourceTree = "<group>"; };
		FBF8F902221856D900D7DE3A /* Base */ = {isa = PBXFileReference; lastKnownFileType = file.storyboard; name = Base; path = Base.lproj/LaunchScreen.storyboard; sourceTree = "<group>"; };
		FBF8F904221856D900D7DE3A /* Info.plist */ = {isa = PBXFileReference; lastKnownFileType = text.plist.xml; path = Info.plist; sourceTree = "<group>"; };
/* End PBXFileReference section */

/* Begin PBXFrameworksBuildPhase section */
		FBF8F8EF221856D900D7DE3A /* Frameworks */ = {
			isa = PBXFrameworksBuildPhase;
			buildActionMask = 2147483647;
			files = (
			);
			runOnlyForDeploymentPostprocessing = 0;
		};
/* End PBXFrameworksBuildPhase section */

/* Begin PBXGroup section */
		FBF8F8E9221856D900D7DE3A = {
			isa = PBXGroup;
			children = (
				FBF8F8F4221856D900D7DE3A /* CoreData-IOS */,
				FBF8F8F3221856D900D7DE3A /* Products */,
			);
			sourceTree = "<group>";
		};
		FBF8F8F3221856D900D7DE3A /* Products */ = {
			isa = PBXGroup;
			children = (
				FBF8F8F2221856D900D7DE3A /* CoreData-IOS.app */,
			);
			name = Products;
			sourceTree = "<group>";
		};
		FBF8F8F4221856D900D7DE3A /* CoreData-IOS */ = {
			isa = PBXGroup;
			children = (
				FBF8F8F5221856D900D7DE3A /* AppDelegate.swift */,
				FBF8F8F7221856D900D7DE3A /* ViewController.swift */,
				FBF8F8F9221856D900D7DE3A /* Main.storyboard */,
				FBF8F8FF221856D900D7DE3A /* Assets.xcassets */,
				FBF8F901221856D900D7DE3A /* LaunchScreen.storyboard */,
				FBF8F904221856D900D7DE3A /* Info.plist */,
				FBF8F8FC221856D900D7DE3A /* CoreData_IOS.xcdatamodeld */,
			);
			path = "CoreData-IOS";
			sourceTree = "<group>";
		};
/* End PBXGroup section */

/* Begin PBXNativeTarget section */
		FBF8F8F1221856D900D7DE3A /* CoreData-IOS */ = {
			isa = PBXNativeTarget;
			buildConfigurationList = FBF8F907221856D900D7DE3A /* Build configuration list for PBXNativeTarget "CoreData-IOS" */;
			buildPhases = (
				FBF8F8EE221856D900D7DE3A /* Sources */,
				FBF8F8EF221856D900D7DE3A /* Frameworks */,
				FBF8F8F0221856D900D7DE3A /* Resources */,
			);
			buildRules = (
			);
			dependencies = (
			);
			name = "CoreData-IOS";
			productName = "CoreData-IOS";
			productReference = FBF8F8F2221856D900D7DE3A /* CoreData-IOS.app */;
			productType = "com.apple.product-type.application";
		};
/* End PBXNativeTarget section */

/* Begin PBXProject section */
		FBF8F8EA221856D900D7DE3A /* Project object */ = {
			isa = PBXProject;
			attributes = {
				LastSwiftUpdateCheck = 1010;
				LastUpgradeCheck = 1010;
				ORGANIZATIONNAME = "Allef Sousa Santos";
				TargetAttributes = {
					FBF8F8F1221856D900D7DE3A = {
						CreatedOnToolsVersion = 10.1;
					};
				};
			};
			buildConfigurationList = FBF8F8ED221856D900D7DE3A /* Build configuration list for PBXProject "CoreData-IOS" */;
			compatibilityVersion = "Xcode 9.3";
			developmentRegion = en;
			hasScannedForEncodings = 0;
			knownRegions = (
				en,
				Base,
			);
			mainGroup = FBF8F8E9221856D900D7DE3A;
			productRefGroup = FBF8F8F3221856D900D7DE3A /* Products */;
			projectDirPath = "";
			projectRoot = "";
			targets = (
				FBF8F8F1221856D900D7DE3A /* CoreData-IOS */,
			);
		};
/* End PBXProject section */

/* Begin PBXResourcesBuildPhase section */
		FBF8F8F0221856D900D7DE3A /* Resources */ = {
			isa = PBXResourcesBuildPhase;
			buildActionMask = 2147483647;
			files = (
				FBF8F903221856D900D7DE3A /* LaunchScreen.storyboard in Resources */,
				FBF8F900221856D900D7DE3A /* Assets.xcassets in Resources */,
				FBF8F8FB221856D900D7DE3A /* Main.storyboard in Resources */,
			);
			runOnlyForDeploymentPostprocessing = 0;
		};
/* End PBXResourcesBuildPhase section */

/* Begin PBXSourcesBuildPhase section */
		FBF8F8EE221856D900D7DE3A /* Sources */ = {
			isa = PBXSourcesBuildPhase;
			buildActionMask = 2147483647;
			files = (
				FBF8F8F8221856D900D7DE3A /* ViewController.swift in Sources */,
				FBF8F8F6221856D900D7DE3A /* AppDelegate.swift in Sources */,
				FBF8F8FE221856D900D7DE3A /* CoreData_IOS.xcdatamodeld in Sources */,
			);
			runOnlyForDeploymentPostprocessing = 0;
		};
/* End PBXSourcesBuildPhase section */

/* Begin PBXVariantGroup section */
		FBF8F8F9221856D900D7DE3A /* Main.storyboard */ = {
			isa = PBXVariantGroup;
			children = (
				FBF8F8FA221856D900D7DE3A /* Base */,
			);
			name = Main.storyboard;
			sourceTree = "<group>";
		};
		FBF8F901221856D900D7DE3A /* LaunchScreen.storyboard */ = {
			isa = PBXVariantGroup;
			children = (
				FBF8F902221856D900D7DE3A /* Base */,
			);
			name = LaunchScreen.storyboard;
			sourceTree = "<group>";
		};
/* End PBXVariantGroup section */

/* Begin XCBuildConfiguration section */
		FBF8F905221856D900D7DE3A /* Debug */ = {
			isa = XCBuildConfiguration;
			buildSettings = {
				ALWAYS_SEARCH_USER_PATHS = NO;
				CLANG_ANALYZER_NONNULL = YES;
				CLANG_ANALYZER_NUMBER_OBJECT_CONVERSION = YES_AGGRESSIVE;
				CLANG_CXX_LANGUAGE_STANDARD = "gnu++14";
				CLANG_CXX_LIBRARY = "libc++";
				CLANG_ENABLE_MODULES = YES;
				CLANG_ENABLE_OBJC_ARC = YES;
				CLANG_ENABLE_OBJC_WEAK = YES;
				CLANG_WARN_BLOCK_CAPTURE_AUTORELEASING = YES;
				CLANG_WARN_BOOL_CONVERSION = YES;
				CLANG_WARN_COMMA = YES;
				CLANG_WARN_CONSTANT_CONVERSION = YES;
				CLANG_WARN_DEPRECATED_OBJC_IMPLEMENTATIONS = YES;
				CLANG_WARN_DIRECT_OBJC_ISA_USAGE = YES_ERROR;
				CLANG_WARN_DOCUMENTATION_COMMENTS = YES;
				CLANG_WARN_EMPTY_BODY = YES;
				CLANG_WARN_ENUM_CONVERSION = YES;
				CLANG_WARN_INFINITE_RECURSION = YES;
				CLANG_WARN_INT_CONVERSION = YES;
				CLANG_WARN_NON_LITERAL_NULL_CONVERSION = YES;
				CLANG_WARN_OBJC_IMPLICIT_RETAIN_SELF = YES;
				CLANG_WARN_OBJC_LITERAL_CONVERSION = YES;
				CLANG_WARN_OBJC_ROOT_CLASS = YES_ERROR;
				CLANG_WARN_RANGE_LOOP_ANALYSIS = YES;
				CLANG_WARN_STRICT_PROTOTYPES = YES;
				CLANG_WARN_SUSPICIOUS_MOVE = YES;
				CLANG_WARN_UNGUARDED_AVAILABILITY = YES_AGGRESSIVE;
				CLANG_WARN_UNREACHABLE_CODE = YES;
				CLANG_WARN__DUPLICATE_METHOD_MATCH = YES;
				CODE_SIGN_IDENTITY = "iPhone Developer";
				COPY_PHASE_STRIP = NO;
				DEBUG_INFORMATION_FORMAT = dwarf;
				ENABLE_STRICT_OBJC_MSGSEND = YES;
				ENABLE_TESTABILITY = YES;
				GCC_C_LANGUAGE_STANDARD = gnu11;
				GCC_DYNAMIC_NO_PIC = NO;
				GCC_NO_COMMON_BLOCKS = YES;
				GCC_OPTIMIZATION_LEVEL = 0;
				GCC_PREPROCESSOR_DEFINITIONS = (
					"DEBUG=1",
					"$(inherited)",
				);
				GCC_WARN_64_TO_32_BIT_CONVERSION = YES;
				GCC_WARN_ABOUT_RETURN_TYPE = YES_ERROR;
				GCC_WARN_UNDECLARED_SELECTOR = YES;
				GCC_WARN_UNINITIALIZED_AUTOS = YES_AGGRESSIVE;
				GCC_WARN_UNUSED_FUNCTION = YES;
				GCC_WARN_UNUSED_VARIABLE = YES;
				IPHONEOS_DEPLOYMENT_TARGET = 12.1;
				MTL_ENABLE_DEBUG_INFO = INCLUDE_SOURCE;
				MTL_FAST_MATH = YES;
				ONLY_ACTIVE_ARCH = YES;
				SDKROOT = iphoneos;
				SWIFT_ACTIVE_COMPILATION_CONDITIONS = DEBUG;
				SWIFT_OPTIMIZATION_LEVEL = "-Onone";
			};
			name = Debug;
		};
		FBF8F906221856D900D7DE3A /* Release */ = {
			isa = XCBuildConfiguration;
			buildSettings = {
				ALWAYS_SEARCH_USER_PATHS = NO;
				CLANG_ANALYZER_NONNULL = YES;
				CLANG_ANALYZER_NUMBER_OBJECT_CONVERSION = YES_AGGRESSIVE;
				CLANG_CXX_LANGUAGE_STANDARD = "gnu++14";
				CLANG_CXX_LIBRARY = "libc++";
				CLANG_ENABLE_MODULES = YES;
				CLANG_ENABLE_OBJC_ARC = YES;
				CLANG_ENABLE_OBJC_WEAK = YES;
				CLANG_WARN_BLOCK_CAPTURE_AUTORELEASING = YES;
				CLANG_WARN_BOOL_CONVERSION = YES;
				CLANG_WARN_COMMA = YES;
				CLANG_WARN_CONSTANT_CONVERSION = YES;
				CLANG_WARN_DEPRECATED_OBJC_IMPLEMENTATIONS = YES;
				CLANG_WARN_DIRECT_OBJC_ISA_USAGE = YES_ERROR;
				CLANG_WARN_DOCUMENTATION_COMMENTS = YES;
				CLANG_WARN_EMPTY_BODY = YES;
				CLANG_WARN_ENUM_CONVERSION = YES;
				CLANG_WARN_INFINITE_RECURSION = YES;
				CLANG_WARN_INT_CONVERSION = YES;
				CLANG_WARN_NON_LITERAL_NULL_CONVERSION = YES;
				CLANG_WARN_OBJC_IMPLICIT_RETAIN_SELF = YES;
				CLANG_WARN_OBJC_LITERAL_CONVERSION = YES;
				CLANG_WARN_OBJC_ROOT_CLASS = YES_ERROR;
				CLANG_WARN_RANGE_LOOP_ANALYSIS = YES;
				CLANG_WARN_STRICT_PROTOTYPES = YES;
				CLANG_WARN_SUSPICIOUS_MOVE = YES;
				CLANG_WARN_UNGUARDED_AVAILABILITY = YES_AGGRESSIVE;
				CLANG_WARN_UNREACHABLE_CODE = YES;
				CLANG_WARN__DUPLICATE_METHOD_MATCH = YES;
				CODE_SIGN_IDENTITY = "iPhone Developer";
				COPY_PHASE_STRIP = NO;
				DEBUG_INFORMATION_FORMAT = "dwarf-with-dsym";
				ENABLE_NS_ASSERTIONS = NO;
				ENABLE_STRICT_OBJC_MSGSEND = YES;
				GCC_C_LANGUAGE_STANDARD = gnu11;
				GCC_NO_COMMON_BLOCKS = YES;
				GCC_WARN_64_TO_32_BIT_CONVERSION = YES;
				GCC_WARN_ABOUT_RETURN_TYPE = YES_ERROR;
				GCC_WARN_UNDECLARED_SELECTOR = YES;
				GCC_WARN_UNINITIALIZED_AUTOS = YES_AGGRESSIVE;
				GCC_WARN_UNUSED_FUNCTION = YES;
				GCC_WARN_UNUSED_VARIABLE = YES;
				IPHONEOS_DEPLOYMENT_TARGET = 12.1;
				MTL_ENABLE_DEBUG_INFO = NO;
				MTL_FAST_MATH = YES;
				SDKROOT = iphoneos;
				SWIFT_COMPILATION_MODE = wholemodule;
				SWIFT_OPTIMIZATION_LEVEL = "-O";
				VALIDATE_PRODUCT = YES;
			};
			name = Release;
		};
		FBF8F908221856D900D7DE3A /* Debug */ = {
			isa = XCBuildConfiguration;
			buildSettings = {
				ASSETCATALOG_COMPILER_APPICON_NAME = AppIcon;
				CODE_SIGN_STYLE = Automatic;
				DEVELOPMENT_TEAM = 56UQS5C7SL;
				INFOPLIST_FILE = "CoreData-IOS/Info.plist";
				LD_RUNPATH_SEARCH_PATHS = (
					"$(inherited)",
					"@executable_path/Frameworks",
				);
				PRODUCT_BUNDLE_IDENTIFIER = "com.developer.allef.CoreData-IOS";
				PRODUCT_NAME = "$(TARGET_NAME)";
				SWIFT_VERSION = 4.2;
				TARGETED_DEVICE_FAMILY = "1,2";
			};
			name = Debug;
		};
		FBF8F909221856D900D7DE3A /* Release */ = {
			isa = XCBuildConfiguration;
			buildSettings = {
				ASSETCATALOG_COMPILER_APPICON_NAME = AppIcon;
				CODE_SIGN_STYLE = Automatic;
				DEVELOPMENT_TEAM = 56UQS5C7SL;
				INFOPLIST_FILE = "CoreData-IOS/Info.plist";
				LD_RUNPATH_SEARCH_PATHS = (
					"$(inherited)",
					"@executable_path/Frameworks",
				);
				PRODUCT_BUNDLE_IDENTIFIER = "com.developer.allef.CoreData-IOS";
				PRODUCT_NAME = "$(TARGET_NAME)";
				SWIFT_VERSION = 4.2;
				TARGETED_DEVICE_FAMILY = "1,2";
			};
			name = Release;
		};
/* End XCBuildConfiguration section */

/* Begin XCConfigurationList section */
		FBF8F8ED221856D900D7DE3A /* Build configuration list for PBXProject "CoreData-IOS" */ = {
			isa = XCConfigurationList;
			buildConfigurations = (
				FBF8F905221856D900D7DE3A /* Debug */,
				FBF8F906221856D900D7DE3A /* Release */,
			);
			defaultConfigurationIsVisible = 0;
			defaultConfigurationName = Release;
		};
		FBF8F907221856D900D7DE3A /* Build configuration list for PBXNativeTarget "CoreData-IOS" */ = {
			isa = XCConfigurationList;
			buildConfigurations = (
				FBF8F908221856D900D7DE3A /* Debug */,
				FBF8F909221856D900D7DE3A /* Release */,
			);
			defaultConfigurationIsVisible = 0;
			defaultConfigurationName = Release;
		};
/* End XCConfigurationList section */

/* Begin XCVersionGroup section */
		FBF8F8FC221856D900D7DE3A /* CoreData_IOS.xcdatamodeld */ = {
			isa = XCVersionGroup;
			children = (
				FBF8F8FD221856D900D7DE3A /* CoreData_IOS.xcdatamodel */,
			);
			currentVersion = FBF8F8FD221856D900D7DE3A /* CoreData_IOS.xcdatamodel */;
			path = CoreData_IOS.xcdatamodeld;
			sourceTree = "<group>";
			versionGroupType = wrapper.xcdatamodel;
		};
/* End XCVersionGroup section */
	};
	rootObject = FBF8F8EA221856D900D7DE3A /* Project object */;
}
